
Microsoft Visual Studio Solution File, Format Version 12.00
# Visual Studio Version 16
VisualStudioVersion = 16.0.31729.503
MinimumVisualStudioVersion = 10.0.40219.1
Project("{888888A0-9F3D-457C-B088-3A5042F75D52}") = "PythonApplication6", "PythonApplication6\PythonApplication6.pyproj", "{457216C4-B1BF-4B7A-9706-E32424E814E1}"
EndProject
Global
	GlobalSection(SolutionConfigurationPlatforms) = preSolution
		Debug|Any CPU = Debug|Any CPU
		Release|Any CPU = Release|Any CPU
	EndGlobalSection
	GlobalSection(ProjectConfigurationPlatforms) = postSolution
		{457216C4-B1BF-4B7A-9706-E32424E814E1}.Debug|Any CPU.ActiveCfg = Debug|Any CPU
		{457216C4-B1BF-4B7A-9706-E32424E814E1}.Release|Any CPU.ActiveCfg = Release|Any CPU
	EndGlobalSection
	GlobalSection(SolutionProperties) = preSolution
		HideSolutionNode = FALSE
	EndGlobalSection
	GlobalSection(ExtensibilityGlobals) = postSolution
		SolutionGuid = {7C48DB1D-9848-492F-B527-8BA9DD2CFD63}
	EndGlobalSection
EndGlobal
